
Microsoft Visual Studio Solution File, Format Version 12.00
# Visual Studio Version 17
VisualStudioVersion = 17.3.32819.101
MinimumVisualStudioVersion = 10.0.40219.1
Project("{FAE04EC0-301F-11D3-BF4B-00C04F79EFBC}") = "Black Jack", "Black Jack\Black Jack.csproj", "{BCCD06AC-938C-4008-A1EE-0067A30786A9}"
EndProject
Global
	GlobalSection(SolutionConfigurationPlatforms) = preSolution
		Debug|Any CPU = Debug|Any CPU
		Release|Any CPU = Release|Any CPU
	EndGlobalSection
	GlobalSection(ProjectConfigurationPlatforms) = postSolution
		{BCCD06AC-938C-4008-A1EE-0067A30786A9}.Debug|Any CPU.ActiveCfg = Debug|Any CPU
		{BCCD06AC-938C-4008-A1EE-0067A30786A9}.Debug|Any CPU.Build.0 = Debug|Any CPU
		{BCCD06AC-938C-4008-A1EE-0067A30786A9}.Release|Any CPU.ActiveCfg = Release|Any CPU
		{BCCD06AC-938C-4008-A1EE-0067A30786A9}.Release|Any CPU.Build.0 = Release|Any CPU
	EndGlobalSection
	GlobalSection(SolutionProperties) = preSolution
		HideSolutionNode = FALSE
	EndGlobalSection
	GlobalSection(ExtensibilityGlobals) = postSolution
		SolutionGuid = {EE925D6A-FCFB-4C68-A2EE-6DB5C10DF2CA}
	EndGlobalSection
EndGlobal
